// !$*UTF8*$!
{
	archiveVersion = 1;
	classes = {
	};
	objectVersion = 50;
	objects = {

/* Begin PBXBuildFile section */
		372CB5CA664D6273C772E582 /* Pods_weatherAppSwift.framework in Frameworks */ = {isa = PBXBuildFile; fileRef = CC71DAB41610DAC2708C3D76 /* Pods_weatherAppSwift.framework */; };
		42F63A462295216700DC2D21 /* AppDelegate.swift in Sources */ = {isa = PBXBuildFile; fileRef = 42F63A452295216700DC2D21 /* AppDelegate.swift */; };
		42F63A482295216700DC2D21 /* MapViewController.swift in Sources */ = {isa = PBXBuildFile; fileRef = 42F63A472295216700DC2D21 /* MapViewController.swift */; };
		42F63A4B2295216700DC2D21 /* Main.storyboard in Resources */ = {isa = PBXBuildFile; fileRef = 42F63A492295216700DC2D21 /* Main.storyboard */; };
		42F63A4D2295216800DC2D21 /* Assets.xcassets in Resources */ = {isa = PBXBuildFile; fileRef = 42F63A4C2295216800DC2D21 /* Assets.xcassets */; };
		42F63A502295216800DC2D21 /* LaunchScreen.storyboard in Resources */ = {isa = PBXBuildFile; fileRef = 42F63A4E2295216800DC2D21 /* LaunchScreen.storyboard */; };
		42F63A58229521B100DC2D21 /* City.swift in Sources */ = {isa = PBXBuildFile; fileRef = 42F63A57229521B100DC2D21 /* City.swift */; };
		42F63A5A229521CE00DC2D21 /* CitiesData.swift in Sources */ = {isa = PBXBuildFile; fileRef = 42F63A59229521CE00DC2D21 /* CitiesData.swift */; };
		42F63A5E2295320C00DC2D21 /* WeatherViewController.swift in Sources */ = {isa = PBXBuildFile; fileRef = 42F63A5D2295320C00DC2D21 /* WeatherViewController.swift */; };
		AC41337822954FB2001BB6A9 /* Weather.swift in Sources */ = {isa = PBXBuildFile; fileRef = AC41337722954FB2001BB6A9 /* Weather.swift */; };
		AC41337B22956284001BB6A9 /* HeaderCell.swift in Sources */ = {isa = PBXBuildFile; fileRef = AC41337922956284001BB6A9 /* HeaderCell.swift */; };
		AC41337F22956313001BB6A9 /* HourlyForecastCell.swift in Sources */ = {isa = PBXBuildFile; fileRef = AC41337D22956313001BB6A9 /* HourlyForecastCell.swift */; };
		AC4133832295632F001BB6A9 /* DailyForecastCell.swift in Sources */ = {isa = PBXBuildFile; fileRef = AC4133812295632F001BB6A9 /* DailyForecastCell.swift */; };
		AC4133842295632F001BB6A9 /* DailyForecastCell.xib in Resources */ = {isa = PBXBuildFile; fileRef = AC4133822295632F001BB6A9 /* DailyForecastCell.xib */; };
		AC4133872295635C001BB6A9 /* ExtraInfosCell.swift in Sources */ = {isa = PBXBuildFile; fileRef = AC4133852295635C001BB6A9 /* ExtraInfosCell.swift */; };
		AC4133882295635C001BB6A9 /* ExtraInfosCell.xib in Resources */ = {isa = PBXBuildFile; fileRef = AC4133862295635C001BB6A9 /* ExtraInfosCell.xib */; };
		AC5D87D522952605001000FC /* RequestManager.swift in Sources */ = {isa = PBXBuildFile; fileRef = AC5D87D422952605001000FC /* RequestManager.swift */; };
/* End PBXBuildFile section */

/* Begin PBXFileReference section */
		1ACB8CA2B2463C2A7B5456F0 /* Pods-weatherAppSwift.release.xcconfig */ = {isa = PBXFileReference; includeInIndex = 1; lastKnownFileType = text.xcconfig; name = "Pods-weatherAppSwift.release.xcconfig"; path = "Target Support Files/Pods-weatherAppSwift/Pods-weatherAppSwift.release.xcconfig"; sourceTree = "<group>"; };
		42F63A422295216700DC2D21 /* weatherAppSwift.app */ = {isa = PBXFileReference; explicitFileType = wrapper.application; includeInIndex = 0; path = weatherAppSwift.app; sourceTree = BUILT_PRODUCTS_DIR; };
		42F63A452295216700DC2D21 /* AppDelegate.swift */ = {isa = PBXFileReference; lastKnownFileType = sourcecode.swift; path = AppDelegate.swift; sourceTree = "<group>"; };
		42F63A472295216700DC2D21 /* MapViewController.swift */ = {isa = PBXFileReference; lastKnownFileType = sourcecode.swift; path = MapViewController.swift; sourceTree = "<group>"; };
		42F63A4A2295216700DC2D21 /* Base */ = {isa = PBXFileReference; lastKnownFileType = file.storyboard; name = Base; path = Base.lproj/Main.storyboard; sourceTree = "<group>"; };
		42F63A4C2295216800DC2D21 /* Assets.xcassets */ = {isa = PBXFileReference; lastKnownFileType = folder.assetcatalog; path = Assets.xcassets; sourceTree = "<group>"; };
		42F63A4F2295216800DC2D21 /* Base */ = {isa = PBXFileReference; lastKnownFileType = file.storyboard; name = Base; path = Base.lproj/LaunchScreen.storyboard; sourceTree = "<group>"; };
		42F63A512295216800DC2D21 /* Info.plist */ = {isa = PBXFileReference; lastKnownFileType = text.plist.xml; path = Info.plist; sourceTree = "<group>"; };
		42F63A57229521B100DC2D21 /* City.swift */ = {isa = PBXFileReference; lastKnownFileType = sourcecode.swift; path = City.swift; sourceTree = "<group>"; };
		42F63A59229521CE00DC2D21 /* CitiesData.swift */ = {isa = PBXFileReference; lastKnownFileType = sourcecode.swift; path = CitiesData.swift; sourceTree = "<group>"; };
		42F63A5D2295320C00DC2D21 /* WeatherViewController.swift */ = {isa = PBXFileReference; lastKnownFileType = sourcecode.swift; path = WeatherViewController.swift; sourceTree = "<group>"; };
		749FC7CE827E8D1845BF62BB /* Pods-weatherAppSwift.debug.xcconfig */ = {isa = PBXFileReference; includeInIndex = 1; lastKnownFileType = text.xcconfig; name = "Pods-weatherAppSwift.debug.xcconfig"; path = "Target Support Files/Pods-weatherAppSwift/Pods-weatherAppSwift.debug.xcconfig"; sourceTree = "<group>"; };
		AC41337722954FB2001BB6A9 /* Weather.swift */ = {isa = PBXFileReference; lastKnownFileType = sourcecode.swift; path = Weather.swift; sourceTree = "<group>"; };
		AC41337922956284001BB6A9 /* HeaderCell.swift */ = {isa = PBXFileReference; lastKnownFileType = sourcecode.swift; path = HeaderCell.swift; sourceTree = "<group>"; };
		AC41337D22956313001BB6A9 /* HourlyForecastCell.swift */ = {isa = PBXFileReference; lastKnownFileType = sourcecode.swift; path = HourlyForecastCell.swift; sourceTree = "<group>"; };
		AC4133812295632F001BB6A9 /* DailyForecastCell.swift */ = {isa = PBXFileReference; lastKnownFileType = sourcecode.swift; path = DailyForecastCell.swift; sourceTree = "<group>"; };
		AC4133822295632F001BB6A9 /* DailyForecastCell.xib */ = {isa = PBXFileReference; lastKnownFileType = file.xib; path = DailyForecastCell.xib; sourceTree = "<group>"; };
		AC4133852295635C001BB6A9 /* ExtraInfosCell.swift */ = {isa = PBXFileReference; lastKnownFileType = sourcecode.swift; path = ExtraInfosCell.swift; sourceTree = "<group>"; };
		AC4133862295635C001BB6A9 /* ExtraInfosCell.xib */ = {isa = PBXFileReference; lastKnownFileType = file.xib; path = ExtraInfosCell.xib; sourceTree = "<group>"; };
		AC5D87D422952605001000FC /* RequestManager.swift */ = {isa = PBXFileReference; lastKnownFileType = sourcecode.swift; path = RequestManager.swift; sourceTree = "<group>"; };
		CC71DAB41610DAC2708C3D76 /* Pods_weatherAppSwift.framework */ = {isa = PBXFileReference; explicitFileType = wrapper.framework; includeInIndex = 0; path = Pods_weatherAppSwift.framework; sourceTree = BUILT_PRODUCTS_DIR; };
/* End PBXFileReference section */

/* Begin PBXFrameworksBuildPhase section */
		42F63A3F2295216700DC2D21 /* Frameworks */ = {
			isa = PBXFrameworksBuildPhase;
			buildActionMask = 2147483647;
			files = (
				372CB5CA664D6273C772E582 /* Pods_weatherAppSwift.framework in Frameworks */,
			);
			runOnlyForDeploymentPostprocessing = 0;
		};
/* End PBXFrameworksBuildPhase section */

/* Begin PBXGroup section */
		42F63A392295216700DC2D21 = {
			isa = PBXGroup;
			children = (
				42F63A442295216700DC2D21 /* weatherAppSwift */,
				42F63A432295216700DC2D21 /* Products */,
				7B7069DBB5C0E9DAAECF6D32 /* Pods */,
				970413A6D2198116EBB32B31 /* Frameworks */,
			);
			sourceTree = "<group>";
		};
		42F63A432295216700DC2D21 /* Products */ = {
			isa = PBXGroup;
			children = (
				42F63A422295216700DC2D21 /* weatherAppSwift.app */,
			);
			name = Products;
			sourceTree = "<group>";
		};
		42F63A442295216700DC2D21 /* weatherAppSwift */ = {
			isa = PBXGroup;
			children = (
				AC41338C22956AA6001BB6A9 /* controllers */,
				AC41338B22956A7F001BB6A9 /* cells */,
				AC41338A22956A58001BB6A9 /* Models */,
				42F63A452295216700DC2D21 /* AppDelegate.swift */,
				42F63A492295216700DC2D21 /* Main.storyboard */,
				42F63A4C2295216800DC2D21 /* Assets.xcassets */,
				42F63A4E2295216800DC2D21 /* LaunchScreen.storyboard */,
				42F63A512295216800DC2D21 /* Info.plist */,
				AC5D87D422952605001000FC /* RequestManager.swift */,
			);
			path = weatherAppSwift;
			sourceTree = "<group>";
		};
		7B7069DBB5C0E9DAAECF6D32 /* Pods */ = {
			isa = PBXGroup;
			children = (
				749FC7CE827E8D1845BF62BB /* Pods-weatherAppSwift.debug.xcconfig */,
				1ACB8CA2B2463C2A7B5456F0 /* Pods-weatherAppSwift.release.xcconfig */,
			);
			path = Pods;
			sourceTree = "<group>";
		};
		970413A6D2198116EBB32B31 /* Frameworks */ = {
			isa = PBXGroup;
			children = (
				CC71DAB41610DAC2708C3D76 /* Pods_weatherAppSwift.framework */,
			);
			name = Frameworks;
			sourceTree = "<group>";
		};
		AC41338A22956A58001BB6A9 /* Models */ = {
			isa = PBXGroup;
			children = (
				42F63A57229521B100DC2D21 /* City.swift */,
				42F63A59229521CE00DC2D21 /* CitiesData.swift */,
				AC41337722954FB2001BB6A9 /* Weather.swift */,
			);
			path = Models;
			sourceTree = "<group>";
		};
		AC41338B22956A7F001BB6A9 /* cells */ = {
			isa = PBXGroup;
			children = (
				AC41337922956284001BB6A9 /* HeaderCell.swift */,
				AC41337D22956313001BB6A9 /* HourlyForecastCell.swift */,
				AC4133812295632F001BB6A9 /* DailyForecastCell.swift */,
				AC4133822295632F001BB6A9 /* DailyForecastCell.xib */,
				AC4133852295635C001BB6A9 /* ExtraInfosCell.swift */,
				AC4133862295635C001BB6A9 /* ExtraInfosCell.xib */,
			);
			path = cells;
			sourceTree = "<group>";
		};
		AC41338C22956AA6001BB6A9 /* controllers */ = {
			isa = PBXGroup;
			children = (
				42F63A472295216700DC2D21 /* MapViewController.swift */,
				42F63A5D2295320C00DC2D21 /* WeatherViewController.swift */,
			);
			path = controllers;
			sourceTree = "<group>";
		};
/* End PBXGroup section */

/* Begin PBXNativeTarget section */
		42F63A412295216700DC2D21 /* weatherAppSwift */ = {
			isa = PBXNativeTarget;
			buildConfigurationList = 42F63A542295216800DC2D21 /* Build configuration list for PBXNativeTarget "weatherAppSwift" */;
			buildPhases = (
				10814061C51900E39E37E276 /* [CP] Check Pods Manifest.lock */,
				42F63A3E2295216700DC2D21 /* Sources */,
				42F63A3F2295216700DC2D21 /* Frameworks */,
				42F63A402295216700DC2D21 /* Resources */,
				3CF58150511C904536DC1566 /* [CP] Embed Pods Frameworks */,
			);
			buildRules = (
			);
			dependencies = (
			);
			name = weatherAppSwift;
			productName = weatherAppSwift;
			productReference = 42F63A422295216700DC2D21 /* weatherAppSwift.app */;
			productType = "com.apple.product-type.application";
		};
/* End PBXNativeTarget section */

/* Begin PBXProject section */
		42F63A3A2295216700DC2D21 /* Project object */ = {
			isa = PBXProject;
			attributes = {
				LastSwiftUpdateCheck = 1010;
				LastUpgradeCheck = 1010;
				ORGANIZATIONNAME = "Benjamin Ibrahima";
				TargetAttributes = {
					42F63A412295216700DC2D21 = {
						CreatedOnToolsVersion = 10.1;
						LastSwiftMigration = 1020;
					};
				};
			};
			buildConfigurationList = 42F63A3D2295216700DC2D21 /* Build configuration list for PBXProject "weatherAppSwift" */;
			compatibilityVersion = "Xcode 9.3";
			developmentRegion = en;
			hasScannedForEncodings = 0;
			knownRegions = (
				en,
				Base,
			);
			mainGroup = 42F63A392295216700DC2D21;
			productRefGroup = 42F63A432295216700DC2D21 /* Products */;
			projectDirPath = "";
			projectRoot = "";
			targets = (
				42F63A412295216700DC2D21 /* weatherAppSwift */,
			);
		};
/* End PBXProject section */

/* Begin PBXResourcesBuildPhase section */
		42F63A402295216700DC2D21 /* Resources */ = {
			isa = PBXResourcesBuildPhase;
			buildActionMask = 2147483647;
			files = (
				42F63A502295216800DC2D21 /* LaunchScreen.storyboard in Resources */,
				AC4133882295635C001BB6A9 /* ExtraInfosCell.xib in Resources */,
				42F63A4D2295216800DC2D21 /* Assets.xcassets in Resources */,
				AC4133842295632F001BB6A9 /* DailyForecastCell.xib in Resources */,
				42F63A4B2295216700DC2D21 /* Main.storyboard in Resources */,
			);
			runOnlyForDeploymentPostprocessing = 0;
		};
/* End PBXResourcesBuildPhase section */

/* Begin PBXShellScriptBuildPhase section */
		10814061C51900E39E37E276 /* [CP] Check Pods Manifest.lock */ = {
			isa = PBXShellScriptBuildPhase;
			buildActionMask = 2147483647;
			files = (
			);
			inputFileListPaths = (
			);
			inputPaths = (
				"${PODS_PODFILE_DIR_PATH}/Podfile.lock",
				"${PODS_ROOT}/Manifest.lock",
			);
			name = "[CP] Check Pods Manifest.lock";
			outputFileListPaths = (
			);
			outputPaths = (
				"$(DERIVED_FILE_DIR)/Pods-weatherAppSwift-checkManifestLockResult.txt",
			);
			runOnlyForDeploymentPostprocessing = 0;
			shellPath = /bin/sh;
			shellScript = "diff \"${PODS_PODFILE_DIR_PATH}/Podfile.lock\" \"${PODS_ROOT}/Manifest.lock\" > /dev/null\nif [ $? != 0 ] ; then\n    # print error to STDERR\n    echo \"error: The sandbox is not in sync with the Podfile.lock. Run 'pod install' or update your CocoaPods installation.\" >&2\n    exit 1\nfi\n# This output is used by Xcode 'outputs' to avoid re-running this script phase.\necho \"SUCCESS\" > \"${SCRIPT_OUTPUT_FILE_0}\"\n";
			showEnvVarsInLog = 0;
		};
		3CF58150511C904536DC1566 /* [CP] Embed Pods Frameworks */ = {
			isa = PBXShellScriptBuildPhase;
			buildActionMask = 2147483647;
			files = (
			);
			inputFileListPaths = (
			);
			inputPaths = (
				"${PODS_ROOT}/Target Support Files/Pods-weatherAppSwift/Pods-weatherAppSwift-frameworks.sh",
				"${BUILT_PRODUCTS_DIR}/Alamofire/Alamofire.framework",
				"${BUILT_PRODUCTS_DIR}/ForecastIO/ForecastIO.framework",
				"${BUILT_PRODUCTS_DIR}/SDWebImage/SDWebImage.framework",
			);
			name = "[CP] Embed Pods Frameworks";
			outputFileListPaths = (
			);
			outputPaths = (
				"${TARGET_BUILD_DIR}/${FRAMEWORKS_FOLDER_PATH}/Alamofire.framework",
				"${TARGET_BUILD_DIR}/${FRAMEWORKS_FOLDER_PATH}/ForecastIO.framework",
				"${TARGET_BUILD_DIR}/${FRAMEWORKS_FOLDER_PATH}/SDWebImage.framework",
			);
			runOnlyForDeploymentPostprocessing = 0;
			shellPath = /bin/sh;
			shellScript = "\"${PODS_ROOT}/Target Support Files/Pods-weatherAppSwift/Pods-weatherAppSwift-frameworks.sh\"\n";
			showEnvVarsInLog = 0;
		};
/* End PBXShellScriptBuildPhase section */

/* Begin PBXSourcesBuildPhase section */
		42F63A3E2295216700DC2D21 /* Sources */ = {
			isa = PBXSourcesBuildPhase;
			buildActionMask = 2147483647;
			files = (
				AC4133832295632F001BB6A9 /* DailyForecastCell.swift in Sources */,
				AC5D87D522952605001000FC /* RequestManager.swift in Sources */,
				42F63A5E2295320C00DC2D21 /* WeatherViewController.swift in Sources */,
				AC41337F22956313001BB6A9 /* HourlyForecastCell.swift in Sources */,
				42F63A482295216700DC2D21 /* MapViewController.swift in Sources */,
				AC4133872295635C001BB6A9 /* ExtraInfosCell.swift in Sources */,
				42F63A462295216700DC2D21 /* AppDelegate.swift in Sources */,
				AC41337B22956284001BB6A9 /* HeaderCell.swift in Sources */,
				42F63A5A229521CE00DC2D21 /* CitiesData.swift in Sources */,
				42F63A58229521B100DC2D21 /* City.swift in Sources */,
				AC41337822954FB2001BB6A9 /* Weather.swift in Sources */,
			);
			runOnlyForDeploymentPostprocessing = 0;
		};
/* End PBXSourcesBuildPhase section */

/* Begin PBXVariantGroup section */
		42F63A492295216700DC2D21 /* Main.storyboard */ = {
			isa = PBXVariantGroup;
			children = (
				42F63A4A2295216700DC2D21 /* Base */,
			);
			name = Main.storyboard;
			sourceTree = "<group>";
		};
		42F63A4E2295216800DC2D21 /* LaunchScreen.storyboard */ = {
			isa = PBXVariantGroup;
			children = (
				42F63A4F2295216800DC2D21 /* Base */,
			);
			name = LaunchScreen.storyboard;
			sourceTree = "<group>";
		};
/* End PBXVariantGroup section */

/* Begin XCBuildConfiguration section */
		42F63A522295216800DC2D21 /* Debug */ = {
			isa = XCBuildConfiguration;
			buildSettings = {
				ALWAYS_SEARCH_USER_PATHS = NO;
				CLANG_ANALYZER_NONNULL = YES;
				CLANG_ANALYZER_NUMBER_OBJECT_CONVERSION = YES_AGGRESSIVE;
				CLANG_CXX_LANGUAGE_STANDARD = "gnu++14";
				CLANG_CXX_LIBRARY = "libc++";
				CLANG_ENABLE_MODULES = YES;
				CLANG_ENABLE_OBJC_ARC = YES;
				CLANG_ENABLE_OBJC_WEAK = YES;
				CLANG_WARN_BLOCK_CAPTURE_AUTORELEASING = YES;
				CLANG_WARN_BOOL_CONVERSION = YES;
				CLANG_WARN_COMMA = YES;
				CLANG_WARN_CONSTANT_CONVERSION = YES;
				CLANG_WARN_DEPRECATED_OBJC_IMPLEMENTATIONS = YES;
				CLANG_WARN_DIRECT_OBJC_ISA_USAGE = YES_ERROR;
				CLANG_WARN_DOCUMENTATION_COMMENTS = YES;
				CLANG_WARN_EMPTY_BODY = YES;
				CLANG_WARN_ENUM_CONVERSION = YES;
				CLANG_WARN_INFINITE_RECURSION = YES;
				CLANG_WARN_INT_CONVERSION = YES;
				CLANG_WARN_NON_LITERAL_NULL_CONVERSION = YES;
				CLANG_WARN_OBJC_IMPLICIT_RETAIN_SELF = YES;
				CLANG_WARN_OBJC_LITERAL_CONVERSION = YES;
				CLANG_WARN_OBJC_ROOT_CLASS = YES_ERROR;
				CLANG_WARN_RANGE_LOOP_ANALYSIS = YES;
				CLANG_WARN_STRICT_PROTOTYPES = YES;
				CLANG_WARN_SUSPICIOUS_MOVE = YES;
				CLANG_WARN_UNGUARDED_AVAILABILITY = YES_AGGRESSIVE;
				CLANG_WARN_UNREACHABLE_CODE = YES;
				CLANG_WARN__DUPLICATE_METHOD_MATCH = YES;
				CODE_SIGN_IDENTITY = "iPhone Developer";
				COPY_PHASE_STRIP = NO;
				DEBUG_INFORMATION_FORMAT = dwarf;
				ENABLE_STRICT_OBJC_MSGSEND = YES;
				ENABLE_TESTABILITY = YES;
				GCC_C_LANGUAGE_STANDARD = gnu11;
				GCC_DYNAMIC_NO_PIC = NO;
				GCC_NO_COMMON_BLOCKS = YES;
				GCC_OPTIMIZATION_LEVEL = 0;
				GCC_PREPROCESSOR_DEFINITIONS = (
					"DEBUG=1",
					"$(inherited)",
				);
				GCC_WARN_64_TO_32_BIT_CONVERSION = YES;
				GCC_WARN_ABOUT_RETURN_TYPE = YES_ERROR;
				GCC_WARN_UNDECLARED_SELECTOR = YES;
				GCC_WARN_UNINITIALIZED_AUTOS = YES_AGGRESSIVE;
				GCC_WARN_UNUSED_FUNCTION = YES;
				GCC_WARN_UNUSED_VARIABLE = YES;
				IPHONEOS_DEPLOYMENT_TARGET = 12.1;
				MTL_ENABLE_DEBUG_INFO = INCLUDE_SOURCE;
				MTL_FAST_MATH = YES;
				ONLY_ACTIVE_ARCH = YES;
				SDKROOT = iphoneos;
				SWIFT_ACTIVE_COMPILATION_CONDITIONS = DEBUG;
				SWIFT_OPTIMIZATION_LEVEL = "-Onone";
			};
			name = Debug;
		};
		42F63A532295216800DC2D21 /* Release */ = {
			isa = XCBuildConfiguration;
			buildSettings = {
				ALWAYS_SEARCH_USER_PATHS = NO;
				CLANG_ANALYZER_NONNULL = YES;
				CLANG_ANALYZER_NUMBER_OBJECT_CONVERSION = YES_AGGRESSIVE;
				CLANG_CXX_LANGUAGE_STANDARD = "gnu++14";
				CLANG_CXX_LIBRARY = "libc++";
				CLANG_ENABLE_MODULES = YES;
				CLANG_ENABLE_OBJC_ARC = YES;
				CLANG_ENABLE_OBJC_WEAK = YES;
				CLANG_WARN_BLOCK_CAPTURE_AUTORELEASING = YES;
				CLANG_WARN_BOOL_CONVERSION = YES;
				CLANG_WARN_COMMA = YES;
				CLANG_WARN_CONSTANT_CONVERSION = YES;
				CLANG_WARN_DEPRECATED_OBJC_IMPLEMENTATIONS = YES;
				CLANG_WARN_DIRECT_OBJC_ISA_USAGE = YES_ERROR;
				CLANG_WARN_DOCUMENTATION_COMMENTS = YES;
				CLANG_WARN_EMPTY_BODY = YES;
				CLANG_WARN_ENUM_CONVERSION = YES;
				CLANG_WARN_INFINITE_RECURSION = YES;
				CLANG_WARN_INT_CONVERSION = YES;
				CLANG_WARN_NON_LITERAL_NULL_CONVERSION = YES;
				CLANG_WARN_OBJC_IMPLICIT_RETAIN_SELF = YES;
				CLANG_WARN_OBJC_LITERAL_CONVERSION = YES;
				CLANG_WARN_OBJC_ROOT_CLASS = YES_ERROR;
				CLANG_WARN_RANGE_LOOP_ANALYSIS = YES;
				CLANG_WARN_STRICT_PROTOTYPES = YES;
				CLANG_WARN_SUSPICIOUS_MOVE = YES;
				CLANG_WARN_UNGUARDED_AVAILABILITY = YES_AGGRESSIVE;
				CLANG_WARN_UNREACHABLE_CODE = YES;
				CLANG_WARN__DUPLICATE_METHOD_MATCH = YES;
				CODE_SIGN_IDENTITY = "iPhone Developer";
				COPY_PHASE_STRIP = NO;
				DEBUG_INFORMATION_FORMAT = "dwarf-with-dsym";
				ENABLE_NS_ASSERTIONS = NO;
				ENABLE_STRICT_OBJC_MSGSEND = YES;
				GCC_C_LANGUAGE_STANDARD = gnu11;
				GCC_NO_COMMON_BLOCKS = YES;
				GCC_WARN_64_TO_32_BIT_CONVERSION = YES;
				GCC_WARN_ABOUT_RETURN_TYPE = YES_ERROR;
				GCC_WARN_UNDECLARED_SELECTOR = YES;
				GCC_WARN_UNINITIALIZED_AUTOS = YES_AGGRESSIVE;
				GCC_WARN_UNUSED_FUNCTION = YES;
				GCC_WARN_UNUSED_VARIABLE = YES;
				IPHONEOS_DEPLOYMENT_TARGET = 12.1;
				MTL_ENABLE_DEBUG_INFO = NO;
				MTL_FAST_MATH = YES;
				SDKROOT = iphoneos;
				SWIFT_COMPILATION_MODE = wholemodule;
				SWIFT_OPTIMIZATION_LEVEL = "-O";
				VALIDATE_PRODUCT = YES;
			};
			name = Release;
		};
		42F63A552295216800DC2D21 /* Debug */ = {
			isa = XCBuildConfiguration;
			baseConfigurationReference = 749FC7CE827E8D1845BF62BB /* Pods-weatherAppSwift.debug.xcconfig */;
			buildSettings = {
				ASSETCATALOG_COMPILER_APPICON_NAME = AppIcon;
				CODE_SIGN_STYLE = Automatic;
				DEVELOPMENT_TEAM = V5GB9LT9HG;
				INFOPLIST_FILE = weatherAppSwift/Info.plist;
				LD_RUNPATH_SEARCH_PATHS = (
					"$(inherited)",
					"@executable_path/Frameworks",
				);
				PRODUCT_BUNDLE_IDENTIFIER = fr.efrei.weatherAppSwift;
				PRODUCT_NAME = "$(TARGET_NAME)";
				SWIFT_VERSION = 5.0;
				TARGETED_DEVICE_FAMILY = "1,2";
			};
			name = Debug;
		};
		42F63A562295216800DC2D21 /* Release */ = {
			isa = XCBuildConfiguration;
			baseConfigurationReference = 1ACB8CA2B2463C2A7B5456F0 /* Pods-weatherAppSwift.release.xcconfig */;
			buildSettings = {
				ASSETCATALOG_COMPILER_APPICON_NAME = AppIcon;
				CODE_SIGN_STYLE = Automatic;
				DEVELOPMENT_TEAM = V5GB9LT9HG;
				INFOPLIST_FILE = weatherAppSwift/Info.plist;
				LD_RUNPATH_SEARCH_PATHS = (
					"$(inherited)",
					"@executable_path/Frameworks",
				);
				PRODUCT_BUNDLE_IDENTIFIER = fr.efrei.weatherAppSwift;
				PRODUCT_NAME = "$(TARGET_NAME)";
				SWIFT_VERSION = 5.0;
				TARGETED_DEVICE_FAMILY = "1,2";
			};
			name = Release;
		};
/* End XCBuildConfiguration section */

/* Begin XCConfigurationList section */
		42F63A3D2295216700DC2D21 /* Build configuration list for PBXProject "weatherAppSwift" */ = {
			isa = XCConfigurationList;
			buildConfigurations = (
				42F63A522295216800DC2D21 /* Debug */,
				42F63A532295216800DC2D21 /* Release */,
			);
			defaultConfigurationIsVisible = 0;
			defaultConfigurationName = Release;
		};
		42F63A542295216800DC2D21 /* Build configuration list for PBXNativeTarget "weatherAppSwift" */ = {
			isa = XCConfigurationList;
			buildConfigurations = (
				42F63A552295216800DC2D21 /* Debug */,
				42F63A562295216800DC2D21 /* Release */,
			);
			defaultConfigurationIsVisible = 0;
			defaultConfigurationName = Release;
		};
/* End XCConfigurationList section */
	};
	rootObject = 42F63A3A2295216700DC2D21 /* Project object */;
}
